{
  "version": 4,
  "terraform_version": "1.14.1",
  "serial": 16,
  "lineage": "9c97aab4-04dd-0c61-317a-945b9803dc05",
  "outputs": {},
  "resources": [
    {
      "mode": "managed",
      "type": "docker_image",
      "name": "mysql",
      "provider": "provider[\"registry.terraform.io/kreuzwerker/docker\"]",
      "instances": [
        {
          "schema_version": 0,
          "attributes": {
            "build": [],
            "force_remove": null,
            "id": "sha256:f37951fc3753a6a22d6c7bf6978c5e5fefcf6f31814d98c582524f98eae52b21mysql:8.0",
            "image_id": "sha256:f37951fc3753a6a22d6c7bf6978c5e5fefcf6f31814d98c582524f98eae52b21",
            "keep_locally": null,
            "name": "mysql:8.0",
            "platform": null,
            "pull_triggers": null,
            "repo_digest": "mysql@sha256:f37951fc3753a6a22d6c7bf6978c5e5fefcf6f31814d98c582524f98eae52b21",
            "timeouts": null,
            "triggers": null
          },
          "sensitive_attributes": [],
          "identity_schema_version": 0,
          "private": "eyJlMmJmYjczMC1lY2FhLTExZTYtOGY4OC0zNDM2M2JjN2M0YzAiOnsiY3JlYXRlIjoxMjAwMDAwMDAwMDAwLCJkZWxldGUiOjEyMDAwMDAwMDAwMDAsInVwZGF0ZSI6MTIwMDAwMDAwMDAwMH19"
        }
      ]
    },
    {
      "mode": "managed",
      "type": "docker_image",
      "name": "student_app",
      "provider": "provider[\"registry.terraform.io/kreuzwerker/docker\"]",
      "instances": [
        {
          "schema_version": 0,
          "attributes": {
            "build": [],
            "force_remove": null,
            "id": "sha256:24cdcfb14e8ab977aecc594a5ebca1f5a93ba2e8ff9bdfa6db089b89c5887b9eghalia08/2mpawi-g4-student:latest",
            "image_id": "sha256:24cdcfb14e8ab977aecc594a5ebca1f5a93ba2e8ff9bdfa6db089b89c5887b9e",
            "keep_locally": false,
            "name": "ghalia08/2mpawi-g4-student:latest",
            "platform": null,
            "pull_triggers": null,
            "repo_digest": "ghalia08/2mpawi-g4-student@sha256:24cdcfb14e8ab977aecc594a5ebca1f5a93ba2e8ff9bdfa6db089b89c5887b9e",
            "timeouts": null,
            "triggers": null
          },
          "sensitive_attributes": [],
          "identity_schema_version": 0,
          "private": "eyJlMmJmYjczMC1lY2FhLTExZTYtOGY4OC0zNDM2M2JjN2M0YzAiOnsiY3JlYXRlIjoxMjAwMDAwMDAwMDAwLCJkZWxldGUiOjEyMDAwMDAwMDAwMDAsInVwZGF0ZSI6MTIwMDAwMDAwMDAwMH19"
        }
      ]
    },
    {
      "mode": "managed",
      "type": "docker_network",
      "name": "app_network",
      "provider": "provider[\"registry.terraform.io/kreuzwerker/docker\"]",
      "instances": [
        {
          "schema_version": 1,
          "attributes": {
            "attachable": false,
            "check_duplicate": null,
            "driver": "bridge",
            "id": "8ad5fa6454b85c15074756723234178aac3d37c129710954aaccf66dd7a12810",
            "ingress": false,
            "internal": false,
            "ipam_config": [
              {
                "aux_address": {},
                "gateway": "172.21.0.1",
                "ip_range": "",
                "subnet": "172.21.0.0/16"
              }
            ],
            "ipam_driver": "default",
            "ipam_options": {},
            "ipv6": false,
            "labels": [],
            "name": "student-network-g4",
            "options": {},
            "scope": "local"
          },
          "sensitive_attributes": [],
          "identity_schema_version": 0,
          "private": "eyJzY2hlbWFfdmVyc2lvbiI6IjEifQ=="
        }
      ]
    },
    {
      "mode": "managed",
      "type": "docker_volume",
      "name": "mysql_data",
      "provider": "provider[\"registry.terraform.io/kreuzwerker/docker\"]",
      "instances": [
        {
          "schema_version": 1,
          "attributes": {
            "driver": "local",
            "driver_opts": {},
            "id": "mysql_data_g4",
            "labels": [],
            "mountpoint": "/var/lib/docker/volumes/mysql_data_g4/_data",
            "name": "mysql_data_g4"
          },
          "sensitive_attributes": [],
          "identity_schema_version": 0,
          "private": "eyJzY2hlbWFfdmVyc2lvbiI6IjEifQ=="
        }
      ]
    }
  ],
  "check_results": null
}
